// !$*UTF8*$!
{
	archiveVersion = 1;
	classes = {
	};
	objectVersion = 56;
	objects = {

/* Begin PBXBuildFile section */
		F1441DC12B851D3E001BA4D7 /* BarcodeScannerApp.swift in Sources */ = {isa = PBXBuildFile; fileRef = F1441DC02B851D3E001BA4D7 /* BarcodeScannerApp.swift */; };
		F1441DC32B851D3E001BA4D7 /* BarcodeScannerView.swift in Sources */ = {isa = PBXBuildFile; fileRef = F1441DC22B851D3E001BA4D7 /* BarcodeScannerView.swift */; };
		F1441DC52B851D42001BA4D7 /* Assets.xcassets in Resources */ = {isa = PBXBuildFile; fileRef = F1441DC42B851D42001BA4D7 /* Assets.xcassets */; };
		F1441DC82B851D42001BA4D7 /* Preview Assets.xcassets in Resources */ = {isa = PBXBuildFile; fileRef = F1441DC72B851D42001BA4D7 /* Preview Assets.xcassets */; };
		F1441DD22B851D43001BA4D7 /* BarcodeScannerTests.swift in Sources */ = {isa = PBXBuildFile; fileRef = F1441DD12B851D43001BA4D7 /* BarcodeScannerTests.swift */; };
		F1441DDC2B851D43001BA4D7 /* BarcodeScannerUITests.swift in Sources */ = {isa = PBXBuildFile; fileRef = F1441DDB2B851D43001BA4D7 /* BarcodeScannerUITests.swift */; };
		F1441DDE2B851D43001BA4D7 /* BarcodeScannerUITestsLaunchTests.swift in Sources */ = {isa = PBXBuildFile; fileRef = F1441DDD2B851D43001BA4D7 /* BarcodeScannerUITestsLaunchTests.swift */; };
		F1441DEB2B851FB3001BA4D7 /* ScannerVC.swift in Sources */ = {isa = PBXBuildFile; fileRef = F1441DEA2B851FB3001BA4D7 /* ScannerVC.swift */; };
		F1441DED2B852F0D001BA4D7 /* ScannerView.swift in Sources */ = {isa = PBXBuildFile; fileRef = F1441DEC2B852F0D001BA4D7 /* ScannerView.swift */; };
		F1441DEF2B8549BF001BA4D7 /* Alert.swift in Sources */ = {isa = PBXBuildFile; fileRef = F1441DEE2B8549BF001BA4D7 /* Alert.swift */; };
		F1441DF12B854A1F001BA4D7 /* BarcodeScannerViewModel.swift in Sources */ = {isa = PBXBuildFile; fileRef = F1441DF02B854A1E001BA4D7 /* BarcodeScannerViewModel.swift */; };
/* End PBXBuildFile section */

/* Begin PBXContainerItemProxy section */
		F1441DCE2B851D43001BA4D7 /* PBXContainerItemProxy */ = {
			isa = PBXContainerItemProxy;
			containerPortal = F1441DB52B851D3E001BA4D7 /* Project object */;
			proxyType = 1;
			remoteGlobalIDString = F1441DBC2B851D3E001BA4D7;
			remoteInfo = BarcodeScanner;
		};
		F1441DD82B851D43001BA4D7 /* PBXContainerItemProxy */ = {
			isa = PBXContainerItemProxy;
			containerPortal = F1441DB52B851D3E001BA4D7 /* Project object */;
			proxyType = 1;
			remoteGlobalIDString = F1441DBC2B851D3E001BA4D7;
			remoteInfo = BarcodeScanner;
		};
/* End PBXContainerItemProxy section */

/* Begin PBXFileReference section */
		F1441DBD2B851D3E001BA4D7 /* BarcodeScanner.app */ = {isa = PBXFileReference; explicitFileType = wrapper.application; includeInIndex = 0; path = BarcodeScanner.app; sourceTree = BUILT_PRODUCTS_DIR; };
		F1441DC02B851D3E001BA4D7 /* BarcodeScannerApp.swift */ = {isa = PBXFileReference; lastKnownFileType = sourcecode.swift; path = BarcodeScannerApp.swift; sourceTree = "<group>"; };
		F1441DC22B851D3E001BA4D7 /* BarcodeScannerView.swift */ = {isa = PBXFileReference; lastKnownFileType = sourcecode.swift; path = BarcodeScannerView.swift; sourceTree = "<group>"; };
		F1441DC42B851D42001BA4D7 /* Assets.xcassets */ = {isa = PBXFileReference; lastKnownFileType = folder.assetcatalog; path = Assets.xcassets; sourceTree = "<group>"; };
		F1441DC72B851D42001BA4D7 /* Preview Assets.xcassets */ = {isa = PBXFileReference; lastKnownFileType = folder.assetcatalog; path = "Preview Assets.xcassets"; sourceTree = "<group>"; };
		F1441DCD2B851D43001BA4D7 /* BarcodeScannerTests.xctest */ = {isa = PBXFileReference; explicitFileType = wrapper.cfbundle; includeInIndex = 0; path = BarcodeScannerTests.xctest; sourceTree = BUILT_PRODUCTS_DIR; };
		F1441DD12B851D43001BA4D7 /* BarcodeScannerTests.swift */ = {isa = PBXFileReference; lastKnownFileType = sourcecode.swift; path = BarcodeScannerTests.swift; sourceTree = "<group>"; };
		F1441DD72B851D43001BA4D7 /* BarcodeScannerUITests.xctest */ = {isa = PBXFileReference; explicitFileType = wrapper.cfbundle; includeInIndex = 0; path = BarcodeScannerUITests.xctest; sourceTree = BUILT_PRODUCTS_DIR; };
		F1441DDB2B851D43001BA4D7 /* BarcodeScannerUITests.swift */ = {isa = PBXFileReference; lastKnownFileType = sourcecode.swift; path = BarcodeScannerUITests.swift; sourceTree = "<group>"; };
		F1441DDD2B851D43001BA4D7 /* BarcodeScannerUITestsLaunchTests.swift */ = {isa = PBXFileReference; lastKnownFileType = sourcecode.swift; path = BarcodeScannerUITestsLaunchTests.swift; sourceTree = "<group>"; };
		F1441DEA2B851FB3001BA4D7 /* ScannerVC.swift */ = {isa = PBXFileReference; lastKnownFileType = sourcecode.swift; path = ScannerVC.swift; sourceTree = "<group>"; };
		F1441DEC2B852F0D001BA4D7 /* ScannerView.swift */ = {isa = PBXFileReference; lastKnownFileType = sourcecode.swift; path = ScannerView.swift; sourceTree = "<group>"; };
		F1441DEE2B8549BF001BA4D7 /* Alert.swift */ = {isa = PBXFileReference; lastKnownFileType = sourcecode.swift; path = Alert.swift; sourceTree = "<group>"; };
		F1441DF02B854A1E001BA4D7 /* BarcodeScannerViewModel.swift */ = {isa = PBXFileReference; lastKnownFileType = sourcecode.swift; path = BarcodeScannerViewModel.swift; sourceTree = "<group>"; };
/* End PBXFileReference section */

/* Begin PBXFrameworksBuildPhase section */
		F1441DBA2B851D3E001BA4D7 /* Frameworks */ = {
			isa = PBXFrameworksBuildPhase;
			buildActionMask = 2147483647;
			files = (
			);
			runOnlyForDeploymentPostprocessing = 0;
		};
		F1441DCA2B851D43001BA4D7 /* Frameworks */ = {
			isa = PBXFrameworksBuildPhase;
			buildActionMask = 2147483647;
			files = (
			);
			runOnlyForDeploymentPostprocessing = 0;
		};
		F1441DD42B851D43001BA4D7 /* Frameworks */ = {
			isa = PBXFrameworksBuildPhase;
			buildActionMask = 2147483647;
			files = (
			);
			runOnlyForDeploymentPostprocessing = 0;
		};
/* End PBXFrameworksBuildPhase section */

/* Begin PBXGroup section */
		F1441DB42B851D3E001BA4D7 = {
			isa = PBXGroup;
			children = (
				F1441DBF2B851D3E001BA4D7 /* BarcodeScanner */,
				F1441DD02B851D43001BA4D7 /* BarcodeScannerTests */,
				F1441DDA2B851D43001BA4D7 /* BarcodeScannerUITests */,
				F1441DBE2B851D3E001BA4D7 /* Products */,
			);
			sourceTree = "<group>";
		};
		F1441DBE2B851D3E001BA4D7 /* Products */ = {
			isa = PBXGroup;
			children = (
				F1441DBD2B851D3E001BA4D7 /* BarcodeScanner.app */,
				F1441DCD2B851D43001BA4D7 /* BarcodeScannerTests.xctest */,
				F1441DD72B851D43001BA4D7 /* BarcodeScannerUITests.xctest */,
			);
			name = Products;
			sourceTree = "<group>";
		};
		F1441DBF2B851D3E001BA4D7 /* BarcodeScanner */ = {
			isa = PBXGroup;
			children = (
				F1441DF62B854C46001BA4D7 /* Utilities */,
				F1441DF42B854C18001BA4D7 /* Views */,
				F1441DF22B854BDC001BA4D7 /* Screens */,
				F1441DC02B851D3E001BA4D7 /* BarcodeScannerApp.swift */,
				F1441DC42B851D42001BA4D7 /* Assets.xcassets */,
				F1441DC62B851D42001BA4D7 /* Preview Content */,
			);
			path = BarcodeScanner;
			sourceTree = "<group>";
		};
		F1441DC62B851D42001BA4D7 /* Preview Content */ = {
			isa = PBXGroup;
			children = (
				F1441DC72B851D42001BA4D7 /* Preview Assets.xcassets */,
			);
			path = "Preview Content";
			sourceTree = "<group>";
		};
		F1441DD02B851D43001BA4D7 /* BarcodeScannerTests */ = {
			isa = PBXGroup;
			children = (
				F1441DD12B851D43001BA4D7 /* BarcodeScannerTests.swift */,
			);
			path = BarcodeScannerTests;
			sourceTree = "<group>";
		};
		F1441DDA2B851D43001BA4D7 /* BarcodeScannerUITests */ = {
			isa = PBXGroup;
			children = (
				F1441DDB2B851D43001BA4D7 /* BarcodeScannerUITests.swift */,
				F1441DDD2B851D43001BA4D7 /* BarcodeScannerUITestsLaunchTests.swift */,
			);
			path = BarcodeScannerUITests;
			sourceTree = "<group>";
		};
		F1441DF22B854BDC001BA4D7 /* Screens */ = {
			isa = PBXGroup;
			children = (
				F1441DF32B854BEF001BA4D7 /* BarcodeScanner */,
			);
			path = Screens;
			sourceTree = "<group>";
		};
		F1441DF32B854BEF001BA4D7 /* BarcodeScanner */ = {
			isa = PBXGroup;
			children = (
				F1441DC22B851D3E001BA4D7 /* BarcodeScannerView.swift */,
				F1441DF02B854A1E001BA4D7 /* BarcodeScannerViewModel.swift */,
			);
			path = BarcodeScanner;
			sourceTree = "<group>";
		};
		F1441DF42B854C18001BA4D7 /* Views */ = {
			isa = PBXGroup;
			children = (
				F1441DF52B854C30001BA4D7 /* UIKit Components */,
				F1441DEC2B852F0D001BA4D7 /* ScannerView.swift */,
			);
			path = Views;
			sourceTree = "<group>";
		};
		F1441DF52B854C30001BA4D7 /* UIKit Components */ = {
			isa = PBXGroup;
			children = (
				F1441DEA2B851FB3001BA4D7 /* ScannerVC.swift */,
			);
			path = "UIKit Components";
			sourceTree = "<group>";
		};
		F1441DF62B854C46001BA4D7 /* Utilities */ = {
			isa = PBXGroup;
			children = (
				F1441DEE2B8549BF001BA4D7 /* Alert.swift */,
			);
			path = Utilities;
			sourceTree = "<group>";
		};
/* End PBXGroup section */

/* Begin PBXNativeTarget section */
		F1441DBC2B851D3E001BA4D7 /* BarcodeScanner */ = {
			isa = PBXNativeTarget;
			buildConfigurationList = F1441DE12B851D43001BA4D7 /* Build configuration list for PBXNativeTarget "BarcodeScanner" */;
			buildPhases = (
				F1441DB92B851D3E001BA4D7 /* Sources */,
				F1441DBA2B851D3E001BA4D7 /* Frameworks */,
				F1441DBB2B851D3E001BA4D7 /* Resources */,
			);
			buildRules = (
			);
			dependencies = (
			);
			name = BarcodeScanner;
			productName = BarcodeScanner;
			productReference = F1441DBD2B851D3E001BA4D7 /* BarcodeScanner.app */;
			productType = "com.apple.product-type.application";
		};
		F1441DCC2B851D43001BA4D7 /* BarcodeScannerTests */ = {
			isa = PBXNativeTarget;
			buildConfigurationList = F1441DE42B851D43001BA4D7 /* Build configuration list for PBXNativeTarget "BarcodeScannerTests" */;
			buildPhases = (
				F1441DC92B851D43001BA4D7 /* Sources */,
				F1441DCA2B851D43001BA4D7 /* Frameworks */,
				F1441DCB2B851D43001BA4D7 /* Resources */,
			);
			buildRules = (
			);
			dependencies = (
				F1441DCF2B851D43001BA4D7 /* PBXTargetDependency */,
			);
			name = BarcodeScannerTests;
			productName = BarcodeScannerTests;
			productReference = F1441DCD2B851D43001BA4D7 /* BarcodeScannerTests.xctest */;
			productType = "com.apple.product-type.bundle.unit-test";
		};
		F1441DD62B851D43001BA4D7 /* BarcodeScannerUITests */ = {
			isa = PBXNativeTarget;
			buildConfigurationList = F1441DE72B851D43001BA4D7 /* Build configuration list for PBXNativeTarget "BarcodeScannerUITests" */;
			buildPhases = (
				F1441DD32B851D43001BA4D7 /* Sources */,
				F1441DD42B851D43001BA4D7 /* Frameworks */,
				F1441DD52B851D43001BA4D7 /* Resources */,
			);
			buildRules = (
			);
			dependencies = (
				F1441DD92B851D43001BA4D7 /* PBXTargetDependency */,
			);
			name = BarcodeScannerUITests;
			productName = BarcodeScannerUITests;
			productReference = F1441DD72B851D43001BA4D7 /* BarcodeScannerUITests.xctest */;
			productType = "com.apple.product-type.bundle.ui-testing";
		};
/* End PBXNativeTarget section */

/* Begin PBXProject section */
		F1441DB52B851D3E001BA4D7 /* Project object */ = {
			isa = PBXProject;
			attributes = {
				BuildIndependentTargetsInParallel = 1;
				LastSwiftUpdateCheck = 1520;
				LastUpgradeCheck = 1520;
				TargetAttributes = {
					F1441DBC2B851D3E001BA4D7 = {
						CreatedOnToolsVersion = 15.2;
					};
					F1441DCC2B851D43001BA4D7 = {
						CreatedOnToolsVersion = 15.2;
						TestTargetID = F1441DBC2B851D3E001BA4D7;
					};
					F1441DD62B851D43001BA4D7 = {
						CreatedOnToolsVersion = 15.2;
						TestTargetID = F1441DBC2B851D3E001BA4D7;
					};
				};
			};
			buildConfigurationList = F1441DB82B851D3E001BA4D7 /* Build configuration list for PBXProject "BarcodeScanner" */;
			compatibilityVersion = "Xcode 14.0";
			developmentRegion = en;
			hasScannedForEncodings = 0;
			knownRegions = (
				en,
				Base,
			);
			mainGroup = F1441DB42B851D3E001BA4D7;
			productRefGroup = F1441DBE2B851D3E001BA4D7 /* Products */;
			projectDirPath = "";
			projectRoot = "";
			targets = (
				F1441DBC2B851D3E001BA4D7 /* BarcodeScanner */,
				F1441DCC2B851D43001BA4D7 /* BarcodeScannerTests */,
				F1441DD62B851D43001BA4D7 /* BarcodeScannerUITests */,
			);
		};
/* End PBXProject section */

/* Begin PBXResourcesBuildPhase section */
		F1441DBB2B851D3E001BA4D7 /* Resources */ = {
			isa = PBXResourcesBuildPhase;
			buildActionMask = 2147483647;
			files = (
				F1441DC82B851D42001BA4D7 /* Preview Assets.xcassets in Resources */,
				F1441DC52B851D42001BA4D7 /* Assets.xcassets in Resources */,
			);
			runOnlyForDeploymentPostprocessing = 0;
		};
		F1441DCB2B851D43001BA4D7 /* Resources */ = {
			isa = PBXResourcesBuildPhase;
			buildActionMask = 2147483647;
			files = (
			);
			runOnlyForDeploymentPostprocessing = 0;
		};
		F1441DD52B851D43001BA4D7 /* Resources */ = {
			isa = PBXResourcesBuildPhase;
			buildActionMask = 2147483647;
			files = (
			);
			runOnlyForDeploymentPostprocessing = 0;
		};
/* End PBXResourcesBuildPhase section */

/* Begin PBXSourcesBuildPhase section */
		F1441DB92B851D3E001BA4D7 /* Sources */ = {
			isa = PBXSourcesBuildPhase;
			buildActionMask = 2147483647;
			files = (
				F1441DF12B854A1F001BA4D7 /* BarcodeScannerViewModel.swift in Sources */,
				F1441DEB2B851FB3001BA4D7 /* ScannerVC.swift in Sources */,
				F1441DED2B852F0D001BA4D7 /* ScannerView.swift in Sources */,
				F1441DC32B851D3E001BA4D7 /* BarcodeScannerView.swift in Sources */,
				F1441DEF2B8549BF001BA4D7 /* Alert.swift in Sources */,
				F1441DC12B851D3E001BA4D7 /* BarcodeScannerApp.swift in Sources */,
			);
			runOnlyForDeploymentPostprocessing = 0;
		};
		F1441DC92B851D43001BA4D7 /* Sources */ = {
			isa = PBXSourcesBuildPhase;
			buildActionMask = 2147483647;
			files = (
				F1441DD22B851D43001BA4D7 /* BarcodeScannerTests.swift in Sources */,
			);
			runOnlyForDeploymentPostprocessing = 0;
		};
		F1441DD32B851D43001BA4D7 /* Sources */ = {
			isa = PBXSourcesBuildPhase;
			buildActionMask = 2147483647;
			files = (
				F1441DDE2B851D43001BA4D7 /* BarcodeScannerUITestsLaunchTests.swift in Sources */,
				F1441DDC2B851D43001BA4D7 /* BarcodeScannerUITests.swift in Sources */,
			);
			runOnlyForDeploymentPostprocessing = 0;
		};
/* End PBXSourcesBuildPhase section */

/* Begin PBXTargetDependency section */
		F1441DCF2B851D43001BA4D7 /* PBXTargetDependency */ = {
			isa = PBXTargetDependency;
			target = F1441DBC2B851D3E001BA4D7 /* BarcodeScanner */;
			targetProxy = F1441DCE2B851D43001BA4D7 /* PBXContainerItemProxy */;
		};
		F1441DD92B851D43001BA4D7 /* PBXTargetDependency */ = {
			isa = PBXTargetDependency;
			target = F1441DBC2B851D3E001BA4D7 /* BarcodeScanner */;
			targetProxy = F1441DD82B851D43001BA4D7 /* PBXContainerItemProxy */;
		};
/* End PBXTargetDependency section */

/* Begin XCBuildConfiguration section */
		F1441DDF2B851D43001BA4D7 /* Debug */ = {
			isa = XCBuildConfiguration;
			buildSettings = {
				ALWAYS_SEARCH_USER_PATHS = NO;
				ASSETCATALOG_COMPILER_GENERATE_SWIFT_ASSET_SYMBOL_EXTENSIONS = YES;
				CLANG_ANALYZER_NONNULL = YES;
				CLANG_ANALYZER_NUMBER_OBJECT_CONVERSION = YES_AGGRESSIVE;
				CLANG_CXX_LANGUAGE_STANDARD = "gnu++20";
				CLANG_ENABLE_MODULES = YES;
				CLANG_ENABLE_OBJC_ARC = YES;
				CLANG_ENABLE_OBJC_WEAK = YES;
				CLANG_WARN_BLOCK_CAPTURE_AUTORELEASING = YES;
				CLANG_WARN_BOOL_CONVERSION = YES;
				CLANG_WARN_COMMA = YES;
				CLANG_WARN_CONSTANT_CONVERSION = YES;
				CLANG_WARN_DEPRECATED_OBJC_IMPLEMENTATIONS = YES;
				CLANG_WARN_DIRECT_OBJC_ISA_USAGE = YES_ERROR;
				CLANG_WARN_DOCUMENTATION_COMMENTS = YES;
				CLANG_WARN_EMPTY_BODY = YES;
				CLANG_WARN_ENUM_CONVERSION = YES;
				CLANG_WARN_INFINITE_RECURSION = YES;
				CLANG_WARN_INT_CONVERSION = YES;
				CLANG_WARN_NON_LITERAL_NULL_CONVERSION = YES;
				CLANG_WARN_OBJC_IMPLICIT_RETAIN_SELF = YES;
				CLANG_WARN_OBJC_LITERAL_CONVERSION = YES;
				CLANG_WARN_OBJC_ROOT_CLASS = YES_ERROR;
				CLANG_WARN_QUOTED_INCLUDE_IN_FRAMEWORK_HEADER = YES;
				CLANG_WARN_RANGE_LOOP_ANALYSIS = YES;
				CLANG_WARN_STRICT_PROTOTYPES = YES;
				CLANG_WARN_SUSPICIOUS_MOVE = YES;
				CLANG_WARN_UNGUARDED_AVAILABILITY = YES_AGGRESSIVE;
				CLANG_WARN_UNREACHABLE_CODE = YES;
				CLANG_WARN__DUPLICATE_METHOD_MATCH = YES;
				COPY_PHASE_STRIP = NO;
				DEBUG_INFORMATION_FORMAT = dwarf;
				ENABLE_STRICT_OBJC_MSGSEND = YES;
				ENABLE_TESTABILITY = YES;
				ENABLE_USER_SCRIPT_SANDBOXING = YES;
				GCC_C_LANGUAGE_STANDARD = gnu17;
				GCC_DYNAMIC_NO_PIC = NO;
				GCC_NO_COMMON_BLOCKS = YES;
				GCC_OPTIMIZATION_LEVEL = 0;
				GCC_PREPROCESSOR_DEFINITIONS = (
					"DEBUG=1",
					"$(inherited)",
				);
				GCC_WARN_64_TO_32_BIT_CONVERSION = YES;
				GCC_WARN_ABOUT_RETURN_TYPE = YES_ERROR;
				GCC_WARN_UNDECLARED_SELECTOR = YES;
				GCC_WARN_UNINITIALIZED_AUTOS = YES_AGGRESSIVE;
				GCC_WARN_UNUSED_FUNCTION = YES;
				GCC_WARN_UNUSED_VARIABLE = YES;
				IPHONEOS_DEPLOYMENT_TARGET = 17.2;
				LOCALIZATION_PREFERS_STRING_CATALOGS = YES;
				MTL_ENABLE_DEBUG_INFO = INCLUDE_SOURCE;
				MTL_FAST_MATH = YES;
				ONLY_ACTIVE_ARCH = YES;
				SDKROOT = iphoneos;
				SWIFT_ACTIVE_COMPILATION_CONDITIONS = "DEBUG $(inherited)";
				SWIFT_OPTIMIZATION_LEVEL = "-Onone";
			};
			name = Debug;
		};
		F1441DE02B851D43001BA4D7 /* Release */ = {
			isa = XCBuildConfiguration;
			buildSettings = {
				ALWAYS_SEARCH_USER_PATHS = NO;
				ASSETCATALOG_COMPILER_GENERATE_SWIFT_ASSET_SYMBOL_EXTENSIONS = YES;
				CLANG_ANALYZER_NONNULL = YES;
				CLANG_ANALYZER_NUMBER_OBJECT_CONVERSION = YES_AGGRESSIVE;
				CLANG_CXX_LANGUAGE_STANDARD = "gnu++20";
				CLANG_ENABLE_MODULES = YES;
				CLANG_ENABLE_OBJC_ARC = YES;
				CLANG_ENABLE_OBJC_WEAK = YES;
				CLANG_WARN_BLOCK_CAPTURE_AUTORELEASING = YES;
				CLANG_WARN_BOOL_CONVERSION = YES;
				CLANG_WARN_COMMA = YES;
				CLANG_WARN_CONSTANT_CONVERSION = YES;
				CLANG_WARN_DEPRECATED_OBJC_IMPLEMENTATIONS = YES;
				CLANG_WARN_DIRECT_OBJC_ISA_USAGE = YES_ERROR;
				CLANG_WARN_DOCUMENTATION_COMMENTS = YES;
				CLANG_WARN_EMPTY_BODY = YES;
				CLANG_WARN_ENUM_CONVERSION = YES;
				CLANG_WARN_INFINITE_RECURSION = YES;
				CLANG_WARN_INT_CONVERSION = YES;
				CLANG_WARN_NON_LITERAL_NULL_CONVERSION = YES;
				CLANG_WARN_OBJC_IMPLICIT_RETAIN_SELF = YES;
				CLANG_WARN_OBJC_LITERAL_CONVERSION = YES;
				CLANG_WARN_OBJC_ROOT_CLASS = YES_ERROR;
				CLANG_WARN_QUOTED_INCLUDE_IN_FRAMEWORK_HEADER = YES;
				CLANG_WARN_RANGE_LOOP_ANALYSIS = YES;
				CLANG_WARN_STRICT_PROTOTYPES = YES;
				CLANG_WARN_SUSPICIOUS_MOVE = YES;
				CLANG_WARN_UNGUARDED_AVAILABILITY = YES_AGGRESSIVE;
				CLANG_WARN_UNREACHABLE_CODE = YES;
				CLANG_WARN__DUPLICATE_METHOD_MATCH = YES;
				COPY_PHASE_STRIP = NO;
				DEBUG_INFORMATION_FORMAT = "dwarf-with-dsym";
				ENABLE_NS_ASSERTIONS = NO;
				ENABLE_STRICT_OBJC_MSGSEND = YES;
				ENABLE_USER_SCRIPT_SANDBOXING = YES;
				GCC_C_LANGUAGE_STANDARD = gnu17;
				GCC_NO_COMMON_BLOCKS = YES;
				GCC_WARN_64_TO_32_BIT_CONVERSION = YES;
				GCC_WARN_ABOUT_RETURN_TYPE = YES_ERROR;
				GCC_WARN_UNDECLARED_SELECTOR = YES;
				GCC_WARN_UNINITIALIZED_AUTOS = YES_AGGRESSIVE;
				GCC_WARN_UNUSED_FUNCTION = YES;
				GCC_WARN_UNUSED_VARIABLE = YES;
				IPHONEOS_DEPLOYMENT_TARGET = 17.2;
				LOCALIZATION_PREFERS_STRING_CATALOGS = YES;
				MTL_ENABLE_DEBUG_INFO = NO;
				MTL_FAST_MATH = YES;
				SDKROOT = iphoneos;
				SWIFT_COMPILATION_MODE = wholemodule;
				VALIDATE_PRODUCT = YES;
			};
			name = Release;
		};
		F1441DE22B851D43001BA4D7 /* Debug */ = {
			isa = XCBuildConfiguration;
			buildSettings = {
				ASSETCATALOG_COMPILER_APPICON_NAME = AppIcon;
				ASSETCATALOG_COMPILER_GLOBAL_ACCENT_COLOR_NAME = AccentColor;
				CODE_SIGN_STYLE = Automatic;
				CURRENT_PROJECT_VERSION = 1;
				DEVELOPMENT_ASSET_PATHS = "\"BarcodeScanner/Preview Content\"";
				DEVELOPMENT_TEAM = M456CSTQR2;
				ENABLE_PREVIEWS = YES;
				GENERATE_INFOPLIST_FILE = YES;
				INFOPLIST_KEY_NSCameraUsageDescription = "We need to use the camera to scan the barcodes";
				INFOPLIST_KEY_UIApplicationSceneManifest_Generation = YES;
				INFOPLIST_KEY_UIApplicationSupportsIndirectInputEvents = YES;
				INFOPLIST_KEY_UILaunchScreen_Generation = YES;
				INFOPLIST_KEY_UISupportedInterfaceOrientations_iPad = "UIInterfaceOrientationPortrait UIInterfaceOrientationPortraitUpsideDown UIInterfaceOrientationLandscapeLeft UIInterfaceOrientationLandscapeRight";
				INFOPLIST_KEY_UISupportedInterfaceOrientations_iPhone = "UIInterfaceOrientationPortrait UIInterfaceOrientationLandscapeLeft UIInterfaceOrientationLandscapeRight";
				LD_RUNPATH_SEARCH_PATHS = (
					"$(inherited)",
					"@executable_path/Frameworks",
				);
				MARKETING_VERSION = 1.0;
				PRODUCT_BUNDLE_IDENTIFIER = com.bhavin.oza.BarcodeScanner;
				PRODUCT_NAME = "$(TARGET_NAME)";
				SWIFT_EMIT_LOC_STRINGS = YES;
				SWIFT_VERSION = 5.0;
				TARGETED_DEVICE_FAMILY = "1,2";
			};
			name = Debug;
		};
		F1441DE32B851D43001BA4D7 /* Release */ = {
			isa = XCBuildConfiguration;
			buildSettings = {
				ASSETCATALOG_COMPILER_APPICON_NAME = AppIcon;
				ASSETCATALOG_COMPILER_GLOBAL_ACCENT_COLOR_NAME = AccentColor;
				CODE_SIGN_STYLE = Automatic;
				CURRENT_PROJECT_VERSION = 1;
				DEVELOPMENT_ASSET_PATHS = "\"BarcodeScanner/Preview Content\"";
				DEVELOPMENT_TEAM = M456CSTQR2;
				ENABLE_PREVIEWS = YES;
				GENERATE_INFOPLIST_FILE = YES;
				INFOPLIST_KEY_NSCameraUsageDescription = "We need to use the camera to scan the barcodes";
				INFOPLIST_KEY_UIApplicationSceneManifest_Generation = YES;
				INFOPLIST_KEY_UIApplicationSupportsIndirectInputEvents = YES;
				INFOPLIST_KEY_UILaunchScreen_Generation = YES;
				INFOPLIST_KEY_UISupportedInterfaceOrientations_iPad = "UIInterfaceOrientationPortrait UIInterfaceOrientationPortraitUpsideDown UIInterfaceOrientationLandscapeLeft UIInterfaceOrientationLandscapeRight";
				INFOPLIST_KEY_UISupportedInterfaceOrientations_iPhone = "UIInterfaceOrientationPortrait UIInterfaceOrientationLandscapeLeft UIInterfaceOrientationLandscapeRight";
				LD_RUNPATH_SEARCH_PATHS = (
					"$(inherited)",
					"@executable_path/Frameworks",
				);
				MARKETING_VERSION = 1.0;
				PRODUCT_BUNDLE_IDENTIFIER = com.bhavin.oza.BarcodeScanner;
				PRODUCT_NAME = "$(TARGET_NAME)";
				SWIFT_EMIT_LOC_STRINGS = YES;
				SWIFT_VERSION = 5.0;
				TARGETED_DEVICE_FAMILY = "1,2";
			};
			name = Release;
		};
		F1441DE52B851D43001BA4D7 /* Debug */ = {
			isa = XCBuildConfiguration;
			buildSettings = {
				ALWAYS_EMBED_SWIFT_STANDARD_LIBRARIES = YES;
				BUNDLE_LOADER = "$(TEST_HOST)";
				CODE_SIGN_STYLE = Automatic;
				CURRENT_PROJECT_VERSION = 1;
				DEVELOPMENT_TEAM = M456CSTQR2;
				GENERATE_INFOPLIST_FILE = YES;
				IPHONEOS_DEPLOYMENT_TARGET = 17.2;
				MARKETING_VERSION = 1.0;
				PRODUCT_BUNDLE_IDENTIFIER = com.bhavin.oza.BarcodeScannerTests;
				PRODUCT_NAME = "$(TARGET_NAME)";
				SWIFT_EMIT_LOC_STRINGS = NO;
				SWIFT_VERSION = 5.0;
				TARGETED_DEVICE_FAMILY = "1,2";
				TEST_HOST = "$(BUILT_PRODUCTS_DIR)/BarcodeScanner.app/$(BUNDLE_EXECUTABLE_FOLDER_PATH)/BarcodeScanner";
			};
			name = Debug;
		};
		F1441DE62B851D43001BA4D7 /* Release */ = {
			isa = XCBuildConfiguration;
			buildSettings = {
				ALWAYS_EMBED_SWIFT_STANDARD_LIBRARIES = YES;
				BUNDLE_LOADER = "$(TEST_HOST)";
				CODE_SIGN_STYLE = Automatic;
				CURRENT_PROJECT_VERSION = 1;
				DEVELOPMENT_TEAM = M456CSTQR2;
				GENERATE_INFOPLIST_FILE = YES;
				IPHONEOS_DEPLOYMENT_TARGET = 17.2;
				MARKETING_VERSION = 1.0;
				PRODUCT_BUNDLE_IDENTIFIER = com.bhavin.oza.BarcodeScannerTests;
				PRODUCT_NAME = "$(TARGET_NAME)";
				SWIFT_EMIT_LOC_STRINGS = NO;
				SWIFT_VERSION = 5.0;
				TARGETED_DEVICE_FAMILY = "1,2";
				TEST_HOST = "$(BUILT_PRODUCTS_DIR)/BarcodeScanner.app/$(BUNDLE_EXECUTABLE_FOLDER_PATH)/BarcodeScanner";
			};
			name = Release;
		};
		F1441DE82B851D43001BA4D7 /* Debug */ = {
			isa = XCBuildConfiguration;
			buildSettings = {
				ALWAYS_EMBED_SWIFT_STANDARD_LIBRARIES = YES;
				CODE_SIGN_STYLE = Automatic;
				CURRENT_PROJECT_VERSION = 1;
				DEVELOPMENT_TEAM = M456CSTQR2;
				GENERATE_INFOPLIST_FILE = YES;
				MARKETING_VERSION = 1.0;
				PRODUCT_BUNDLE_IDENTIFIER = com.bhavin.oza.BarcodeScannerUITests;
				PRODUCT_NAME = "$(TARGET_NAME)";
				SWIFT_EMIT_LOC_STRINGS = NO;
				SWIFT_VERSION = 5.0;
				TARGETED_DEVICE_FAMILY = "1,2";
				TEST_TARGET_NAME = BarcodeScanner;
			};
			name = Debug;
		};
		F1441DE92B851D43001BA4D7 /* Release */ = {
			isa = XCBuildConfiguration;
			buildSettings = {
				ALWAYS_EMBED_SWIFT_STANDARD_LIBRARIES = YES;
				CODE_SIGN_STYLE = Automatic;
				CURRENT_PROJECT_VERSION = 1;
				DEVELOPMENT_TEAM = M456CSTQR2;
				GENERATE_INFOPLIST_FILE = YES;
				MARKETING_VERSION = 1.0;
				PRODUCT_BUNDLE_IDENTIFIER = com.bhavin.oza.BarcodeScannerUITests;
				PRODUCT_NAME = "$(TARGET_NAME)";
				SWIFT_EMIT_LOC_STRINGS = NO;
				SWIFT_VERSION = 5.0;
				TARGETED_DEVICE_FAMILY = "1,2";
				TEST_TARGET_NAME = BarcodeScanner;
			};
			name = Release;
		};
/* End XCBuildConfiguration section */

/* Begin XCConfigurationList section */
		F1441DB82B851D3E001BA4D7 /* Build configuration list for PBXProject "BarcodeScanner" */ = {
			isa = XCConfigurationList;
			buildConfigurations = (
				F1441DDF2B851D43001BA4D7 /* Debug */,
				F1441DE02B851D43001BA4D7 /* Release */,
			);
			defaultConfigurationIsVisible = 0;
			defaultConfigurationName = Release;
		};
		F1441DE12B851D43001BA4D7 /* Build configuration list for PBXNativeTarget "BarcodeScanner" */ = {
			isa = XCConfigurationList;
			buildConfigurations = (
				F1441DE22B851D43001BA4D7 /* Debug */,
				F1441DE32B851D43001BA4D7 /* Release */,
			);
			defaultConfigurationIsVisible = 0;
			defaultConfigurationName = Release;
		};
		F1441DE42B851D43001BA4D7 /* Build configuration list for PBXNativeTarget "BarcodeScannerTests" */ = {
			isa = XCConfigurationList;
			buildConfigurations = (
				F1441DE52B851D43001BA4D7 /* Debug */,
				F1441DE62B851D43001BA4D7 /* Release */,
			);
			defaultConfigurationIsVisible = 0;
			defaultConfigurationName = Release;
		};
		F1441DE72B851D43001BA4D7 /* Build configuration list for PBXNativeTarget "BarcodeScannerUITests" */ = {
			isa = XCConfigurationList;
			buildConfigurations = (
				F1441DE82B851D43001BA4D7 /* Debug */,
				F1441DE92B851D43001BA4D7 /* Release */,
			);
			defaultConfigurationIsVisible = 0;
			defaultConfigurationName = Release;
		};
/* End XCConfigurationList section */
	};
	rootObject = F1441DB52B851D3E001BA4D7 /* Project object */;
}
